
Microsoft Visual Studio Solution File, Format Version 12.00
# Visual Studio Version 17
VisualStudioVersion = 17.6.33801.468
MinimumVisualStudioVersion = 10.0.40219.1
Project("{FAE04EC0-301F-11D3-BF4B-00C04F79EFBC}") = "Conversioni2", "Conversioni2\Conversioni2.csproj", "{E42A295F-AC3D-42FA-8CC0-5864CD326920}"
EndProject
Global
	GlobalSection(SolutionConfigurationPlatforms) = preSolution
		Debug|Any CPU = Debug|Any CPU
		Release|Any CPU = Release|Any CPU
	EndGlobalSection
	GlobalSection(ProjectConfigurationPlatforms) = postSolution
		{E42A295F-AC3D-42FA-8CC0-5864CD326920}.Debug|Any CPU.ActiveCfg = Debug|Any CPU
		{E42A295F-AC3D-42FA-8CC0-5864CD326920}.Debug|Any CPU.Build.0 = Debug|Any CPU
		{E42A295F-AC3D-42FA-8CC0-5864CD326920}.Release|Any CPU.ActiveCfg = Release|Any CPU
		{E42A295F-AC3D-42FA-8CC0-5864CD326920}.Release|Any CPU.Build.0 = Release|Any CPU
	EndGlobalSection
	GlobalSection(SolutionProperties) = preSolution
		HideSolutionNode = FALSE
	EndGlobalSection
	GlobalSection(ExtensibilityGlobals) = postSolution
		SolutionGuid = {265C8A96-6112-45CB-B420-82FFA668A19F}
	EndGlobalSection
EndGlobal
